
Microsoft Visual Studio Solution File, Format Version 12.00
# Visual Studio Version 16
VisualStudioVersion = 16.0.29926.136
MinimumVisualStudioVersion = 10.0.40219.1
Project("{FAE04EC0-301F-11D3-BF4B-00C04F79EFBC}") = "projeOdevi", "projeOdevi\projeOdevi.csproj", "{C98FD91B-1122-4FF4-BD15-8BB477DC3184}"
EndProject
Global
	GlobalSection(SolutionConfigurationPlatforms) = preSolution
		Debug|Any CPU = Debug|Any CPU
		Release|Any CPU = Release|Any CPU
	EndGlobalSection
	GlobalSection(ProjectConfigurationPlatforms) = postSolution
		{C98FD91B-1122-4FF4-BD15-8BB477DC3184}.Debug|Any CPU.ActiveCfg = Debug|Any CPU
		{C98FD91B-1122-4FF4-BD15-8BB477DC3184}.Debug|Any CPU.Build.0 = Debug|Any CPU
		{C98FD91B-1122-4FF4-BD15-8BB477DC3184}.Release|Any CPU.ActiveCfg = Release|Any CPU
		{C98FD91B-1122-4FF4-BD15-8BB477DC3184}.Release|Any CPU.Build.0 = Release|Any CPU
	EndGlobalSection
	GlobalSection(SolutionProperties) = preSolution
		HideSolutionNode = FALSE
	EndGlobalSection
	GlobalSection(ExtensibilityGlobals) = postSolution
		SolutionGuid = {FAFFC4D6-5A2E-44FC-B017-E3BA820613C9}
	EndGlobalSection
EndGlobal
